{
  "version": 1,
  "dependencies": {
    ".NETStandard,Version=v2.0": {
      "goaaats.Steamworks": {
        "type": "Direct",
        "requested": "[2.3.4, )",
        "resolved": "2.3.4",
        "contentHash": "yWTfachMPM6HeK1cQ3kHtz3cWH/L3Kr6hNenlJmu0e8Tx5ej3IHImfM5RccEBE2ZgMzvkxNFBryVmUoUZvqVtg=="
      },
      "Microsoft.CodeAnalysis.BannedApiAnalyzers": {
        "type": "Direct",
        "requested": "[3.3.4, )",
        "resolved": "3.3.4",
        "contentHash": "0k2Jwpc8eq0hjOtX6TxRkHm9clkJ2PAQ3heEHgqIJZcsfdFosC/iyz18nsgTVDDWpID80rC7aiYK7ripx+Qndg=="
      },
      "Microsoft.CodeAnalysis.NetAnalyzers": {
        "type": "Direct",
        "requested": "[9.0.0, )",
        "resolved": "9.0.0",
        "contentHash": "JajbvkrBgtdRghavIjcJuNHMOja4lqBmEezbhZyqWPYh2cpLhT5mPpfC7NQVDO4IehWQum9t/nwF4v+qQGtYWg=="
      },
      "Microsoft.Win32.Registry": {
        "type": "Direct",
        "requested": "[6.0.0-preview.5.21301.5, )",
        "resolved": "6.0.0-preview.5.21301.5",
        "contentHash": "qYLtJIAEJJmY2vXxlVO8x4uXfgq7DFOHjpmnHlLm7kmAvyNFckYY/Dx5CZythBXvI2/7sratbIGKqSTysfgZ8A==",
        "dependencies": {
          "System.Buffers": "4.5.1",
          "System.Memory": "4.5.4",
          "System.Security.AccessControl": "6.0.0-preview.5.21301.5",
          "System.Security.Principal.Windows": "6.0.0-preview.5.21301.5"
        }
      },
      "NETStandard.Library": {
        "type": "Direct",
        "requested": "[2.0.3, )",
        "resolved": "2.0.3",
        "contentHash": "st47PosZSHrjECdjeIzZQbzivYBJFv6P2nv4cj2ypdI204DO+vZ7l5raGMiX4eXMJ53RfOIg+/s4DHVZ54Nu2A==",
        "dependencies": {
          "Microsoft.NETCore.Platforms": "1.1.0"
        }
      },
      "PInvoke.Kernel32": {
        "type": "Direct",
        "requested": "[0.7.124, )",
        "resolved": "0.7.124",
        "contentHash": "3yQudp7J20HH8oW2WsGdNlcRCJAG6Slens3n4P7c6m53m0SkXLyD5ry/bXYAFXYeIym9b0LIOvrmKjmzptmkWw==",
        "dependencies": {
          "PInvoke.Windows.Core": "0.7.124",
          "System.Threading.Tasks.Extensions": "4.5.4"
        }
      },
      "CommandLineParser": {
        "type": "Transitive",
        "resolved": "2.9.1",
        "contentHash": "OE0sl1/sQ37bjVsPKKtwQlWDgqaxWgtme3xZz7JssWUzg5JpMIyHgCTY9MVMxOg48fJ1AgGT3tgdH5m/kQ5xhA=="
      },
      "Microsoft.Bcl.AsyncInterfaces": {
        "type": "Transitive",
        "resolved": "9.0.2",
        "contentHash": "1CED0BGD7dCKsbe7tDhzpPB2Qdi9x35QChu6zkBEI4s0T5bDkkttGReqQnOeOfRNSxtP2WvpX6Ik/0O93XDuMw==",
        "dependencies": {
          "System.Threading.Tasks.Extensions": "4.5.4"
        }
      },
      "Microsoft.NETCore.Platforms": {
        "type": "Transitive",
        "resolved": "1.1.0",
        "contentHash": "kz0PEW2lhqygehI/d6XsPCQzD7ff7gUJaVGPVETX611eadGsA3A877GdSlU0LRVMCTH/+P3o2iDTak+S08V2+A=="
      },
      "Newtonsoft.Json": {
        "type": "Transitive",
        "resolved": "13.0.3",
        "contentHash": "HrC5BXdl00IP9zeV+0Z848QWPAoCr9P3bDEZguI+gkLcBKAOxix/tLEAAHC+UvDNPv4a2d18lOReHMOagPa+zQ=="
      },
      "PInvoke.Windows.Core": {
        "type": "Transitive",
        "resolved": "0.7.124",
        "contentHash": "er/PkwUBie3nXlwiKOfOxmdAj6ae8eFCLUgI5g6+9RAbyMoXMQnwAPx1atq0ZxU2LeozBdWtMQjogqcMNJhg1w==",
        "dependencies": {
          "System.Memory": "4.5.4"
        }
      },
      "Serilog": {
        "type": "Transitive",
        "resolved": "4.2.0",
        "contentHash": "gmoWVOvKgbME8TYR+gwMf7osROiWAURterc6Rt2dQyX7wtjZYpqFiA/pY6ztjGQKKV62GGCyOcmtP1UKMHgSmA==",
        "dependencies": {
          "System.Diagnostics.DiagnosticSource": "8.0.1",
          "System.Threading.Channels": "8.0.0"
        }
      },
      "Serilog.Enrichers.Sensitive": {
        "type": "Transitive",
        "resolved": "1.7.3",
        "contentHash": "U/38ICup0xDMDL8TjprLDCWI16MkQTPEJfWgPROFxtGjsBf+SW1W2fMfEhdiAYLGCTSFWNXmVGdVjU58Gyr0eQ=="
      },
      "Serilog.Sinks.Async": {
        "type": "Transitive",
        "resolved": "2.1.0",
        "contentHash": "SnmRknWsSMgyo9wDXeZZCqSp48kkQYy44taSM6vcpxfiRICzSf09oLKEmVr0RCwQnfd8mJQ2WNN6nvhqf0RowQ==",
        "dependencies": {
          "Serilog": "4.1.0"
        }
      },
      "Serilog.Sinks.Console": {
        "type": "Transitive",
        "resolved": "6.0.0",
        "contentHash": "fQGWqVMClCP2yEyTXPIinSr5c+CBGUvBybPxjAGcf7ctDhadFhrQw03Mv8rJ07/wR5PDfFjewf2LimvXCDzpbA==",
        "dependencies": {
          "Serilog": "4.0.0"
        }
      },
      "Serilog.Sinks.Debug": {
        "type": "Transitive",
        "resolved": "3.0.0",
        "contentHash": "4BzXcdrgRX7wde9PmHuYd9U6YqycCC28hhpKonK7hx0wb19eiuRj16fPcPSVp0o/Y1ipJuNLYQ00R3q2Zs8FDA==",
        "dependencies": {
          "Serilog": "4.0.0"
        }
      },
      "Serilog.Sinks.File": {
        "type": "Transitive",
        "resolved": "6.0.0",
        "contentHash": "lxjg89Y8gJMmFxVkbZ+qDgjl+T4yC5F7WSLTvA+5q0R04tfKVLRL/EHpYoJ/MEQd2EeCKDuylBIVnAYMotmh2A==",
        "dependencies": {
          "Serilog": "4.0.0"
        }
      },
      "SharedMemory": {
        "type": "Transitive",
        "resolved": "2.3.2",
        "contentHash": "hH34Y9xzvdJpgf/vwyWE/zYlY4BdQS3Zolfdg+8hV9A+UQRsBWyBS62kcLO55mF4etmMoL0PswEbT3lVXJSlFw==",
        "dependencies": {
          "System.Reflection.Emit.Lightweight": "4.7.0"
        }
      },
      "System.Buffers": {
        "type": "Transitive",
        "resolved": "4.6.0",
        "contentHash": "lN6tZi7Q46zFzAbRYXTIvfXcyvQQgxnY7Xm6C6xQ9784dEL1amjM6S6Iw4ZpsvesAKnRVsM4scrDQaDqSClkjA=="
      },
      "System.Diagnostics.DiagnosticSource": {
        "type": "Transitive",
        "resolved": "8.0.1",
        "contentHash": "vaoWjvkG1aenR2XdjaVivlCV9fADfgyhW5bZtXT23qaEea0lWiUljdQuze4E31vKM7ZWJaSUsbYIKE3rnzfZUg==",
        "dependencies": {
          "System.Memory": "4.5.5",
          "System.Runtime.CompilerServices.Unsafe": "6.0.0"
        }
      },
      "System.IO.Pipelines": {
        "type": "Transitive",
        "resolved": "9.0.2",
        "contentHash": "UIBaK7c/A3FyQxmX/747xw4rCUkm1BhNiVU617U5jweNJssNjLJkPUGhBsrlDG0BpKWCYKsncD+Kqpy4KmvZZQ==",
        "dependencies": {
          "System.Buffers": "4.5.1",
          "System.Memory": "4.5.5",
          "System.Threading.Tasks.Extensions": "4.5.4"
        }
      },
      "System.Memory": {
        "type": "Transitive",
        "resolved": "4.6.0",
        "contentHash": "OEkbBQoklHngJ8UD8ez2AERSk2g+/qpAaSWWCBFbpH727HxDq5ydVkuncBaKcKfwRqXGWx64dS6G1SUScMsitg==",
        "dependencies": {
          "System.Buffers": "4.6.0",
          "System.Numerics.Vectors": "4.6.0",
          "System.Runtime.CompilerServices.Unsafe": "6.1.0"
        }
      },
      "System.Numerics.Vectors": {
        "type": "Transitive",
        "resolved": "4.6.0",
        "contentHash": "t+SoieZsRuEyiw/J+qXUbolyO219tKQQI0+2/YI+Qv7YdGValA6WiuokrNKqjrTNsy5ABWU11bdKOzUdheteXg=="
      },
      "System.Reflection.Emit.ILGeneration": {
        "type": "Transitive",
        "resolved": "4.7.0",
        "contentHash": "AucBYo3DSI0IDxdUjKksBcQJXPHyoPyrCXYURW1WDsLI4M65Ar/goSHjdnHOAY9MiYDNKqDlIgaYm+zL2hA1KA=="
      },
      "System.Reflection.Emit.Lightweight": {
        "type": "Transitive",
        "resolved": "4.7.0",
        "contentHash": "a4OLB4IITxAXJeV74MDx49Oq2+PsF6Sml54XAFv+2RyWwtDBcabzoxiiJRhdhx+gaohLh4hEGCLQyBozXoQPqA==",
        "dependencies": {
          "System.Reflection.Emit.ILGeneration": "4.7.0"
        }
      },
      "System.Runtime.CompilerServices.Unsafe": {
        "type": "Transitive",
        "resolved": "6.1.0",
        "contentHash": "5o/HZxx6RVqYlhKSq8/zronDkALJZUT2Vz0hx43f0gwe8mwlM0y2nYlqdBwLMzr262Bwvpikeb/yEwkAa5PADg=="
      },
      "System.Security.AccessControl": {
        "type": "Transitive",
        "resolved": "6.0.0-preview.5.21301.5",
        "contentHash": "EA9ul7nGN8oggMvloILnR+wnrbgLNZZQBYHq5nEq/ixwnKLV3M3Tbd1Jbj8oGck3XMj0owq81e4Jxp3s0IMICw==",
        "dependencies": {
          "System.Security.Principal.Windows": "6.0.0-preview.5.21301.5"
        }
      },
      "System.Security.Principal.Windows": {
        "type": "Transitive",
        "resolved": "6.0.0-preview.5.21301.5",
        "contentHash": "ywwCqFAaRVbgqqORqYg8jdaX6NUEpzbuhxyUhAs+7mZ8AFAO4PzFYrZ5JPkYejXwougDldtbi0zOkk1lLzugLw=="
      },
      "System.Text.Encodings.Web": {
        "type": "Transitive",
        "resolved": "9.0.2",
        "contentHash": "/kCGdrXg0PXrvkHYyHubXJHcmCAvJrxTZ7g4XS6UCxY1JW79aMjtUW6UYNECHJmiyFZsZ/vUuWOM4CtNpiNt8Q==",
        "dependencies": {
          "System.Buffers": "4.5.1",
          "System.Memory": "4.5.5",
          "System.Runtime.CompilerServices.Unsafe": "6.0.0"
        }
      },
      "System.Text.Json": {
        "type": "Transitive",
        "resolved": "9.0.2",
        "contentHash": "4TY2Yokh5Xp8XHFhsY9y84yokS7B0rhkaZCXuRiKppIiKwPVH4lVSFD9EEFzRpXdBM5ZeZXD43tc2vB6njEwwQ==",
        "dependencies": {
          "Microsoft.Bcl.AsyncInterfaces": "9.0.2",
          "System.Buffers": "4.5.1",
          "System.IO.Pipelines": "9.0.2",
          "System.Memory": "4.5.5",
          "System.Runtime.CompilerServices.Unsafe": "6.0.0",
          "System.Text.Encodings.Web": "9.0.2",
          "System.Threading.Tasks.Extensions": "4.5.4"
        }
      },
      "System.Threading.Channels": {
        "type": "Transitive",
        "resolved": "8.0.0",
        "contentHash": "CMaFr7v+57RW7uZfZkPExsPB6ljwzhjACWW1gfU35Y56rk72B/Wu+sTqxVmGSk4SFUlPc3cjeKND0zktziyjBA==",
        "dependencies": {
          "System.Threading.Tasks.Extensions": "4.5.4"
        }
      },
      "System.Threading.Tasks.Extensions": {
        "type": "Transitive",
        "resolved": "4.5.4",
        "contentHash": "zteT+G8xuGu6mS+mzDzYXbzS7rd3K6Fjb9RiZlYlJPam2/hU7JCBZBVEcywNuR+oZ1ncTvc/cq0faRr3P01OVg==",
        "dependencies": {
          "System.Runtime.CompilerServices.Unsafe": "4.5.3"
        }
      },
      "xivlauncher.common": {
        "type": "Project",
        "dependencies": {
          "CommandLineParser": "[2.9.1, )",
          "Newtonsoft.Json": "[13.0.3, )",
          "Serilog": "[4.2.0, )",
          "Serilog.Enrichers.Sensitive": "[1.7.3, )",
          "Serilog.Sinks.Async": "[2.1.0, )",
          "Serilog.Sinks.Console": "[6.0.0, )",
          "Serilog.Sinks.Debug": "[3.0.0, )",
          "Serilog.Sinks.File": "[6.0.0, )",
          "SharedMemory": "[2.3.2, )",
          "System.Memory": "[4.6.0, )",
          "System.Security.Principal.Windows": "[5.0.0, )",
          "System.Text.Json": "[9.0.2, )"
        }
      }
    },
    "net9.0": {
      "goaaats.Steamworks": {
        "type": "Direct",
        "requested": "[2.3.4, )",
        "resolved": "2.3.4",
        "contentHash": "yWTfachMPM6HeK1cQ3kHtz3cWH/L3Kr6hNenlJmu0e8Tx5ej3IHImfM5RccEBE2ZgMzvkxNFBryVmUoUZvqVtg=="
      },
      "Microsoft.CodeAnalysis.BannedApiAnalyzers": {
        "type": "Direct",
        "requested": "[3.3.4, )",
        "resolved": "3.3.4",
        "contentHash": "0k2Jwpc8eq0hjOtX6TxRkHm9clkJ2PAQ3heEHgqIJZcsfdFosC/iyz18nsgTVDDWpID80rC7aiYK7ripx+Qndg=="
      },
      "Microsoft.CodeAnalysis.NetAnalyzers": {
        "type": "Direct",
        "requested": "[9.0.0, )",
        "resolved": "9.0.0",
        "contentHash": "JajbvkrBgtdRghavIjcJuNHMOja4lqBmEezbhZyqWPYh2cpLhT5mPpfC7NQVDO4IehWQum9t/nwF4v+qQGtYWg=="
      },
      "Microsoft.Win32.Registry": {
        "type": "Direct",
        "requested": "[6.0.0-preview.5.21301.5, )",
        "resolved": "6.0.0-preview.5.21301.5",
        "contentHash": "qYLtJIAEJJmY2vXxlVO8x4uXfgq7DFOHjpmnHlLm7kmAvyNFckYY/Dx5CZythBXvI2/7sratbIGKqSTysfgZ8A==",
        "dependencies": {
          "System.Security.AccessControl": "6.0.0-preview.5.21301.5",
          "System.Security.Principal.Windows": "6.0.0-preview.5.21301.5"
        }
      },
      "PInvoke.Kernel32": {
        "type": "Direct",
        "requested": "[0.7.124, )",
        "resolved": "0.7.124",
        "contentHash": "3yQudp7J20HH8oW2WsGdNlcRCJAG6Slens3n4P7c6m53m0SkXLyD5ry/bXYAFXYeIym9b0LIOvrmKjmzptmkWw==",
        "dependencies": {
          "PInvoke.Windows.Core": "0.7.124",
          "System.Threading.Tasks.Extensions": "4.5.4"
        }
      },
      "CommandLineParser": {
        "type": "Transitive",
        "resolved": "2.9.1",
        "contentHash": "OE0sl1/sQ37bjVsPKKtwQlWDgqaxWgtme3xZz7JssWUzg5JpMIyHgCTY9MVMxOg48fJ1AgGT3tgdH5m/kQ5xhA=="
      },
      "Newtonsoft.Json": {
        "type": "Transitive",
        "resolved": "13.0.3",
        "contentHash": "HrC5BXdl00IP9zeV+0Z848QWPAoCr9P3bDEZguI+gkLcBKAOxix/tLEAAHC+UvDNPv4a2d18lOReHMOagPa+zQ=="
      },
      "PInvoke.Windows.Core": {
        "type": "Transitive",
        "resolved": "0.7.124",
        "contentHash": "er/PkwUBie3nXlwiKOfOxmdAj6ae8eFCLUgI5g6+9RAbyMoXMQnwAPx1atq0ZxU2LeozBdWtMQjogqcMNJhg1w==",
        "dependencies": {
          "System.Memory": "4.5.4"
        }
      },
      "Serilog": {
        "type": "Transitive",
        "resolved": "4.2.0",
        "contentHash": "gmoWVOvKgbME8TYR+gwMf7osROiWAURterc6Rt2dQyX7wtjZYpqFiA/pY6ztjGQKKV62GGCyOcmtP1UKMHgSmA=="
      },
      "Serilog.Enrichers.Sensitive": {
        "type": "Transitive",
        "resolved": "1.7.3",
        "contentHash": "U/38ICup0xDMDL8TjprLDCWI16MkQTPEJfWgPROFxtGjsBf+SW1W2fMfEhdiAYLGCTSFWNXmVGdVjU58Gyr0eQ=="
      },
      "Serilog.Sinks.Async": {
        "type": "Transitive",
        "resolved": "2.1.0",
        "contentHash": "SnmRknWsSMgyo9wDXeZZCqSp48kkQYy44taSM6vcpxfiRICzSf09oLKEmVr0RCwQnfd8mJQ2WNN6nvhqf0RowQ==",
        "dependencies": {
          "Serilog": "4.1.0"
        }
      },
      "Serilog.Sinks.Console": {
        "type": "Transitive",
        "resolved": "6.0.0",
        "contentHash": "fQGWqVMClCP2yEyTXPIinSr5c+CBGUvBybPxjAGcf7ctDhadFhrQw03Mv8rJ07/wR5PDfFjewf2LimvXCDzpbA==",
        "dependencies": {
          "Serilog": "4.0.0"
        }
      },
      "Serilog.Sinks.Debug": {
        "type": "Transitive",
        "resolved": "3.0.0",
        "contentHash": "4BzXcdrgRX7wde9PmHuYd9U6YqycCC28hhpKonK7hx0wb19eiuRj16fPcPSVp0o/Y1ipJuNLYQ00R3q2Zs8FDA==",
        "dependencies": {
          "Serilog": "4.0.0"
        }
      },
      "Serilog.Sinks.File": {
        "type": "Transitive",
        "resolved": "6.0.0",
        "contentHash": "lxjg89Y8gJMmFxVkbZ+qDgjl+T4yC5F7WSLTvA+5q0R04tfKVLRL/EHpYoJ/MEQd2EeCKDuylBIVnAYMotmh2A==",
        "dependencies": {
          "Serilog": "4.0.0"
        }
      },
      "SharedMemory": {
        "type": "Transitive",
        "resolved": "2.3.2",
        "contentHash": "hH34Y9xzvdJpgf/vwyWE/zYlY4BdQS3Zolfdg+8hV9A+UQRsBWyBS62kcLO55mF4etmMoL0PswEbT3lVXJSlFw==",
        "dependencies": {
          "System.Reflection.Emit.Lightweight": "4.7.0"
        }
      },
      "System.Memory": {
        "type": "Transitive",
        "resolved": "4.6.0",
        "contentHash": "OEkbBQoklHngJ8UD8ez2AERSk2g+/qpAaSWWCBFbpH727HxDq5ydVkuncBaKcKfwRqXGWx64dS6G1SUScMsitg=="
      },
      "System.Reflection.Emit.Lightweight": {
        "type": "Transitive",
        "resolved": "4.7.0",
        "contentHash": "a4OLB4IITxAXJeV74MDx49Oq2+PsF6Sml54XAFv+2RyWwtDBcabzoxiiJRhdhx+gaohLh4hEGCLQyBozXoQPqA=="
      },
      "System.Security.AccessControl": {
        "type": "Transitive",
        "resolved": "6.0.0-preview.5.21301.5",
        "contentHash": "EA9ul7nGN8oggMvloILnR+wnrbgLNZZQBYHq5nEq/ixwnKLV3M3Tbd1Jbj8oGck3XMj0owq81e4Jxp3s0IMICw==",
        "dependencies": {
          "System.Security.Principal.Windows": "6.0.0-preview.5.21301.5"
        }
      },
      "System.Security.Principal.Windows": {
        "type": "Transitive",
        "resolved": "6.0.0-preview.5.21301.5",
        "contentHash": "ywwCqFAaRVbgqqORqYg8jdaX6NUEpzbuhxyUhAs+7mZ8AFAO4PzFYrZ5JPkYejXwougDldtbi0zOkk1lLzugLw=="
      },
      "System.Text.Json": {
        "type": "Transitive",
        "resolved": "9.0.2",
        "contentHash": "4TY2Yokh5Xp8XHFhsY9y84yokS7B0rhkaZCXuRiKppIiKwPVH4lVSFD9EEFzRpXdBM5ZeZXD43tc2vB6njEwwQ=="
      },
      "System.Threading.Tasks.Extensions": {
        "type": "Transitive",
        "resolved": "4.5.4",
        "contentHash": "zteT+G8xuGu6mS+mzDzYXbzS7rd3K6Fjb9RiZlYlJPam2/hU7JCBZBVEcywNuR+oZ1ncTvc/cq0faRr3P01OVg=="
      },
      "xivlauncher.common": {
        "type": "Project",
        "dependencies": {
          "CommandLineParser": "[2.9.1, )",
          "Newtonsoft.Json": "[13.0.3, )",
          "Serilog": "[4.2.0, )",
          "Serilog.Enrichers.Sensitive": "[1.7.3, )",
          "Serilog.Sinks.Async": "[2.1.0, )",
          "Serilog.Sinks.Console": "[6.0.0, )",
          "Serilog.Sinks.Debug": "[3.0.0, )",
          "Serilog.Sinks.File": "[6.0.0, )",
          "SharedMemory": "[2.3.2, )",
          "System.Memory": "[4.6.0, )",
          "System.Security.Principal.Windows": "[5.0.0, )",
          "System.Text.Json": "[9.0.2, )"
        }
      }
    }
  }
}