
Microsoft Visual Studio Solution File, Format Version 12.00
# Visual Studio Version 17
VisualStudioVersion = 17.14.36414.22 d17.14
MinimumVisualStudioVersion = 10.0.40219.1
Project("{FAE04EC0-301F-11D3-BF4B-00C04F79EFBC}") = "XIVLauncher", "XIVLauncher\XIVLauncher.csproj", "{BEB33308-6E15-41F7-ACC8-86BB786E2E56}"
	ProjectSection(ProjectDependencies) = postProject
		{395CDFAB-48F8-4EC5-833D-05F5795A157D} = {395CDFAB-48F8-4EC5-833D-05F5795A157D}
	EndProjectSection
EndProject
Project("{FAE04EC0-301F-11D3-BF4B-00C04F79EFBC}") = "XIVLauncher.PatchInstaller", "XIVLauncher.PatchInstaller\XIVLauncher.PatchInstaller.csproj", "{395CDFAB-48F8-4EC5-833D-05F5795A157D}"
EndProject
Project("{FAE04EC0-301F-11D3-BF4B-00C04F79EFBC}") = "XIVLauncher.Common", "XIVLauncher.Common\XIVLauncher.Common.csproj", "{24916430-532C-4D4D-93FF-861076E8F63C}"
EndProject
Project("{2150E333-8FDC-42A3-9474-1A3956D46DE8}") = "Solution Items", "Solution Items", "{10DF8F12-50FD-45D8-8A38-17BA764BF54D}"
	ProjectSection(SolutionItems) = preProject
		Directory.Build.props = Directory.Build.props
		XIVLauncher.sln.DotSettings = XIVLauncher.sln.DotSettings
		CodeAnalysis\xl.ruleset = CodeAnalysis\xl.ruleset
		Directory.Packages.props = Directory.Packages.props
	EndProjectSection
EndProject
Project("{FAE04EC0-301F-11D3-BF4B-00C04F79EFBC}") = "XIVLauncher.Common.Tests", "XIVLauncher.Common.Tests\XIVLauncher.Common.Tests.csproj", "{FE0EAE21-4812-4565-8766-856AE9F9E99B}"
EndProject
Project("{FAE04EC0-301F-11D3-BF4B-00C04F79EFBC}") = "XIVLauncher.Common.Windows", "XIVLauncher.Common.Windows\XIVLauncher.Common.Windows.csproj", "{4BD8A159-1B5E-41ED-A215-75B9871BA929}"
EndProject
Project("{FAE04EC0-301F-11D3-BF4B-00C04F79EFBC}") = "XIVLauncher.Common.Unix", "XIVLauncher.Common.Unix\XIVLauncher.Common.Unix.csproj", "{08CE4E78-7C47-43D6-98CB-68655DEAF66A}"
EndProject
Project("{FAE04EC0-301F-11D3-BF4B-00C04F79EFBC}") = "XIVLauncher.Aria", "XIVLauncher.Aria\XIVLauncher.Aria.csproj", "{807F8B3E-B728-4F80-A60F-5EA0352CFCC7}"
EndProject
Global
	GlobalSection(SolutionConfigurationPlatforms) = preSolution
		Debug|Win-x64 = Debug|Win-x64
		Release|Win-x64 = Release|Win-x64
	EndGlobalSection
	GlobalSection(ProjectConfigurationPlatforms) = postSolution
		{BEB33308-6E15-41F7-ACC8-86BB786E2E56}.Debug|Win-x64.ActiveCfg = Debug|Win-x64
		{BEB33308-6E15-41F7-ACC8-86BB786E2E56}.Debug|Win-x64.Build.0 = Debug|Win-x64
		{BEB33308-6E15-41F7-ACC8-86BB786E2E56}.Release|Win-x64.ActiveCfg = Release|Win-x64
		{BEB33308-6E15-41F7-ACC8-86BB786E2E56}.Release|Win-x64.Build.0 = Release|Win-x64
		{395CDFAB-48F8-4EC5-833D-05F5795A157D}.Debug|Win-x64.ActiveCfg = Debug|Win-x64
		{395CDFAB-48F8-4EC5-833D-05F5795A157D}.Debug|Win-x64.Build.0 = Debug|Win-x64
		{395CDFAB-48F8-4EC5-833D-05F5795A157D}.Release|Win-x64.ActiveCfg = Release|Win-x64
		{395CDFAB-48F8-4EC5-833D-05F5795A157D}.Release|Win-x64.Build.0 = Release|Win-x64
		{24916430-532C-4D4D-93FF-861076E8F63C}.Debug|Win-x64.ActiveCfg = Debug|Win-x64
		{24916430-532C-4D4D-93FF-861076E8F63C}.Debug|Win-x64.Build.0 = Debug|Win-x64
		{24916430-532C-4D4D-93FF-861076E8F63C}.Release|Win-x64.ActiveCfg = Release|Win-x64
		{24916430-532C-4D4D-93FF-861076E8F63C}.Release|Win-x64.Build.0 = Release|Win-x64
		{FE0EAE21-4812-4565-8766-856AE9F9E99B}.Debug|Win-x64.ActiveCfg = Debug|Win-x64
		{FE0EAE21-4812-4565-8766-856AE9F9E99B}.Debug|Win-x64.Build.0 = Debug|Win-x64
		{FE0EAE21-4812-4565-8766-856AE9F9E99B}.Release|Win-x64.ActiveCfg = Release|Win-x64
		{FE0EAE21-4812-4565-8766-856AE9F9E99B}.Release|Win-x64.Build.0 = Release|Win-x64
		{4BD8A159-1B5E-41ED-A215-75B9871BA929}.Debug|Win-x64.ActiveCfg = Debug|Win-x64
		{4BD8A159-1B5E-41ED-A215-75B9871BA929}.Debug|Win-x64.Build.0 = Debug|Win-x64
		{4BD8A159-1B5E-41ED-A215-75B9871BA929}.Release|Win-x64.ActiveCfg = Release|Win-x64
		{4BD8A159-1B5E-41ED-A215-75B9871BA929}.Release|Win-x64.Build.0 = Release|Win-x64
		{08CE4E78-7C47-43D6-98CB-68655DEAF66A}.Debug|Win-x64.ActiveCfg = Debug|Win-x64
		{08CE4E78-7C47-43D6-98CB-68655DEAF66A}.Debug|Win-x64.Build.0 = Debug|Win-x64
		{08CE4E78-7C47-43D6-98CB-68655DEAF66A}.Release|Win-x64.ActiveCfg = Release|Win-x64
		{08CE4E78-7C47-43D6-98CB-68655DEAF66A}.Release|Win-x64.Build.0 = Release|Win-x64
		{807F8B3E-B728-4F80-A60F-5EA0352CFCC7}.Debug|Win-x64.ActiveCfg = Debug|Win-x64
		{807F8B3E-B728-4F80-A60F-5EA0352CFCC7}.Debug|Win-x64.Build.0 = Debug|Win-x64
		{807F8B3E-B728-4F80-A60F-5EA0352CFCC7}.Release|Win-x64.ActiveCfg = Release|Win-x64
		{807F8B3E-B728-4F80-A60F-5EA0352CFCC7}.Release|Win-x64.Build.0 = Release|Win-x64
	EndGlobalSection
	GlobalSection(SolutionProperties) = preSolution
		HideSolutionNode = FALSE
	EndGlobalSection
	GlobalSection(ExtensibilityGlobals) = postSolution
		SolutionGuid = {D891D6DF-EE64-48EE-9EFD-EB78412638E3}
	EndGlobalSection
EndGlobal
